// !$*UTF8*$!
{
	archiveVersion = 1;
	classes = {
	};
	objectVersion = 55;
	objects = {

/* Begin PBXBuildFile section */
		748A92CA274CE02700F681C8 /* CryptoData___SwiftUIApp.swift in Sources */ = {isa = PBXBuildFile; fileRef = 748A92C9274CE02700F681C8 /* CryptoData___SwiftUIApp.swift */; };
		748A92CC274CE02700F681C8 /* ContentView.swift in Sources */ = {isa = PBXBuildFile; fileRef = 748A92CB274CE02700F681C8 /* ContentView.swift */; };
		748A92CE274CE03200F681C8 /* Assets.xcassets in Resources */ = {isa = PBXBuildFile; fileRef = 748A92CD274CE03200F681C8 /* Assets.xcassets */; };
		748A92D1274CE03300F681C8 /* Preview Assets.xcassets in Resources */ = {isa = PBXBuildFile; fileRef = 748A92D0274CE03300F681C8 /* Preview Assets.xcassets */; };
		748A92D8274CE06F00F681C8 /* Crypto.swift in Sources */ = {isa = PBXBuildFile; fileRef = 748A92D7274CE06F00F681C8 /* Crypto.swift */; };
		748A92DB274CE09200F681C8 /* NetworkManager.swift in Sources */ = {isa = PBXBuildFile; fileRef = 748A92DA274CE09200F681C8 /* NetworkManager.swift */; };
		748A92DE274EA7CB00F681C8 /* DataView.swift in Sources */ = {isa = PBXBuildFile; fileRef = 748A92DD274EA7CB00F681C8 /* DataView.swift */; };
/* End PBXBuildFile section */

/* Begin PBXFileReference section */
		748A92C6274CE02700F681C8 /* CryptoData - SwiftUI.app */ = {isa = PBXFileReference; explicitFileType = wrapper.application; includeInIndex = 0; path = "CryptoData - SwiftUI.app"; sourceTree = BUILT_PRODUCTS_DIR; };
		748A92C9274CE02700F681C8 /* CryptoData___SwiftUIApp.swift */ = {isa = PBXFileReference; lastKnownFileType = sourcecode.swift; path = "CryptoData___SwiftUIApp.swift"; sourceTree = "<group>"; };
		748A92CB274CE02700F681C8 /* ContentView.swift */ = {isa = PBXFileReference; lastKnownFileType = sourcecode.swift; path = ContentView.swift; sourceTree = "<group>"; };
		748A92CD274CE03200F681C8 /* Assets.xcassets */ = {isa = PBXFileReference; lastKnownFileType = folder.assetcatalog; path = Assets.xcassets; sourceTree = "<group>"; };
		748A92D0274CE03300F681C8 /* Preview Assets.xcassets */ = {isa = PBXFileReference; lastKnownFileType = folder.assetcatalog; path = "Preview Assets.xcassets"; sourceTree = "<group>"; };
		748A92D7274CE06F00F681C8 /* Crypto.swift */ = {isa = PBXFileReference; lastKnownFileType = sourcecode.swift; path = Crypto.swift; sourceTree = "<group>"; };
		748A92DA274CE09200F681C8 /* NetworkManager.swift */ = {isa = PBXFileReference; lastKnownFileType = sourcecode.swift; path = NetworkManager.swift; sourceTree = "<group>"; };
		748A92DD274EA7CB00F681C8 /* DataView.swift */ = {isa = PBXFileReference; lastKnownFileType = sourcecode.swift; path = DataView.swift; sourceTree = "<group>"; };
/* End PBXFileReference section */

/* Begin PBXFrameworksBuildPhase section */
		748A92C3274CE02700F681C8 /* Frameworks */ = {
			isa = PBXFrameworksBuildPhase;
			buildActionMask = 2147483647;
			files = (
			);
			runOnlyForDeploymentPostprocessing = 0;
		};
/* End PBXFrameworksBuildPhase section */

/* Begin PBXGroup section */
		748A92BD274CE02600F681C8 = {
			isa = PBXGroup;
			children = (
				748A92C8274CE02700F681C8 /* CryptoData - SwiftUI */,
				748A92C7274CE02700F681C8 /* Products */,
			);
			sourceTree = "<group>";
		};
		748A92C7274CE02700F681C8 /* Products */ = {
			isa = PBXGroup;
			children = (
				748A92C6274CE02700F681C8 /* CryptoData - SwiftUI.app */,
			);
			name = Products;
			sourceTree = "<group>";
		};
		748A92C8274CE02700F681C8 /* CryptoData - SwiftUI */ = {
			isa = PBXGroup;
			children = (
				748A92C9274CE02700F681C8 /* CryptoData___SwiftUIApp.swift */,
				748A92CB274CE02700F681C8 /* ContentView.swift */,
				748A92DD274EA7CB00F681C8 /* DataView.swift */,
				748A92DC274CE09700F681C8 /* Managers */,
				748A92D9274CE07D00F681C8 /* Model */,
				748A92CD274CE03200F681C8 /* Assets.xcassets */,
				748A92CF274CE03300F681C8 /* Preview Content */,
			);
			path = "CryptoData - SwiftUI";
			sourceTree = "<group>";
		};
		748A92CF274CE03300F681C8 /* Preview Content */ = {
			isa = PBXGroup;
			children = (
				748A92D0274CE03300F681C8 /* Preview Assets.xcassets */,
			);
			path = "Preview Content";
			sourceTree = "<group>";
		};
		748A92D9274CE07D00F681C8 /* Model */ = {
			isa = PBXGroup;
			children = (
				748A92D7274CE06F00F681C8 /* Crypto.swift */,
			);
			path = Model;
			sourceTree = "<group>";
		};
		748A92DC274CE09700F681C8 /* Managers */ = {
			isa = PBXGroup;
			children = (
				748A92DA274CE09200F681C8 /* NetworkManager.swift */,
			);
			path = Managers;
			sourceTree = "<group>";
		};
/* End PBXGroup section */

/* Begin PBXNativeTarget section */
		748A92C5274CE02700F681C8 /* CryptoData - SwiftUI */ = {
			isa = PBXNativeTarget;
			buildConfigurationList = 748A92D4274CE03300F681C8 /* Build configuration list for PBXNativeTarget "CryptoData - SwiftUI" */;
			buildPhases = (
				748A92C2274CE02700F681C8 /* Sources */,
				748A92C3274CE02700F681C8 /* Frameworks */,
				748A92C4274CE02700F681C8 /* Resources */,
			);
			buildRules = (
			);
			dependencies = (
			);
			name = "CryptoData - SwiftUI";
			productName = "CryptoData - SwiftUI";
			productReference = 748A92C6274CE02700F681C8 /* CryptoData - SwiftUI.app */;
			productType = "com.apple.product-type.application";
		};
/* End PBXNativeTarget section */

/* Begin PBXProject section */
		748A92BE274CE02600F681C8 /* Project object */ = {
			isa = PBXProject;
			attributes = {
				BuildIndependentTargetsInParallel = 1;
				LastSwiftUpdateCheck = 1310;
				LastUpgradeCheck = 1310;
				TargetAttributes = {
					748A92C5274CE02700F681C8 = {
						CreatedOnToolsVersion = 13.1;
					};
				};
			};
			buildConfigurationList = 748A92C1274CE02700F681C8 /* Build configuration list for PBXProject "CryptoData - SwiftUI" */;
			compatibilityVersion = "Xcode 13.0";
			developmentRegion = en;
			hasScannedForEncodings = 0;
			knownRegions = (
				en,
				Base,
			);
			mainGroup = 748A92BD274CE02600F681C8;
			productRefGroup = 748A92C7274CE02700F681C8 /* Products */;
			projectDirPath = "";
			projectRoot = "";
			targets = (
				748A92C5274CE02700F681C8 /* CryptoData - SwiftUI */,
			);
		};
/* End PBXProject section */

/* Begin PBXResourcesBuildPhase section */
		748A92C4274CE02700F681C8 /* Resources */ = {
			isa = PBXResourcesBuildPhase;
			buildActionMask = 2147483647;
			files = (
				748A92D1274CE03300F681C8 /* Preview Assets.xcassets in Resources */,
				748A92CE274CE03200F681C8 /* Assets.xcassets in Resources */,
			);
			runOnlyForDeploymentPostprocessing = 0;
		};
/* End PBXResourcesBuildPhase section */

/* Begin PBXSourcesBuildPhase section */
		748A92C2274CE02700F681C8 /* Sources */ = {
			isa = PBXSourcesBuildPhase;
			buildActionMask = 2147483647;
			files = (
				748A92DB274CE09200F681C8 /* NetworkManager.swift in Sources */,
				748A92D8274CE06F00F681C8 /* Crypto.swift in Sources */,
				748A92DE274EA7CB00F681C8 /* DataView.swift in Sources */,
				748A92CC274CE02700F681C8 /* ContentView.swift in Sources */,
				748A92CA274CE02700F681C8 /* CryptoData___SwiftUIApp.swift in Sources */,
			);
			runOnlyForDeploymentPostprocessing = 0;
		};
/* End PBXSourcesBuildPhase section */

/* Begin XCBuildConfiguration section */
		748A92D2274CE03300F681C8 /* Debug */ = {
			isa = XCBuildConfiguration;
			buildSettings = {
				ALWAYS_SEARCH_USER_PATHS = NO;
				CLANG_ANALYZER_NONNULL = YES;
				CLANG_ANALYZER_NUMBER_OBJECT_CONVERSION = YES_AGGRESSIVE;
				CLANG_CXX_LANGUAGE_STANDARD = "gnu++17";
				CLANG_CXX_LIBRARY = "libc++";
				CLANG_ENABLE_MODULES = YES;
				CLANG_ENABLE_OBJC_ARC = YES;
				CLANG_ENABLE_OBJC_WEAK = YES;
				CLANG_WARN_BLOCK_CAPTURE_AUTORELEASING = YES;
				CLANG_WARN_BOOL_CONVERSION = YES;
				CLANG_WARN_COMMA = YES;
				CLANG_WARN_CONSTANT_CONVERSION = YES;
				CLANG_WARN_DEPRECATED_OBJC_IMPLEMENTATIONS = YES;
				CLANG_WARN_DIRECT_OBJC_ISA_USAGE = YES_ERROR;
				CLANG_WARN_DOCUMENTATION_COMMENTS = YES;
				CLANG_WARN_EMPTY_BODY = YES;
				CLANG_WARN_ENUM_CONVERSION = YES;
				CLANG_WARN_INFINITE_RECURSION = YES;
				CLANG_WARN_INT_CONVERSION = YES;
				CLANG_WARN_NON_LITERAL_NULL_CONVERSION = YES;
				CLANG_WARN_OBJC_IMPLICIT_RETAIN_SELF = YES;
				CLANG_WARN_OBJC_LITERAL_CONVERSION = YES;
				CLANG_WARN_OBJC_ROOT_CLASS = YES_ERROR;
				CLANG_WARN_QUOTED_INCLUDE_IN_FRAMEWORK_HEADER = YES;
				CLANG_WARN_RANGE_LOOP_ANALYSIS = YES;
				CLANG_WARN_STRICT_PROTOTYPES = YES;
				CLANG_WARN_SUSPICIOUS_MOVE = YES;
				CLANG_WARN_UNGUARDED_AVAILABILITY = YES_AGGRESSIVE;
				CLANG_WARN_UNREACHABLE_CODE = YES;
				CLANG_WARN__DUPLICATE_METHOD_MATCH = YES;
				COPY_PHASE_STRIP = NO;
				DEBUG_INFORMATION_FORMAT = dwarf;
				ENABLE_STRICT_OBJC_MSGSEND = YES;
				ENABLE_TESTABILITY = YES;
				GCC_C_LANGUAGE_STANDARD = gnu11;
				GCC_DYNAMIC_NO_PIC = NO;
				GCC_NO_COMMON_BLOCKS = YES;
				GCC_OPTIMIZATION_LEVEL = 0;
				GCC_PREPROCESSOR_DEFINITIONS = (
					"DEBUG=1",
					"$(inherited)",
				);
				GCC_WARN_64_TO_32_BIT_CONVERSION = YES;
				GCC_WARN_ABOUT_RETURN_TYPE = YES_ERROR;
				GCC_WARN_UNDECLARED_SELECTOR = YES;
				GCC_WARN_UNINITIALIZED_AUTOS = YES_AGGRESSIVE;
				GCC_WARN_UNUSED_FUNCTION = YES;
				GCC_WARN_UNUSED_VARIABLE = YES;
				IPHONEOS_DEPLOYMENT_TARGET = 15.0;
				MTL_ENABLE_DEBUG_INFO = INCLUDE_SOURCE;
				MTL_FAST_MATH = YES;
				ONLY_ACTIVE_ARCH = YES;
				SDKROOT = iphoneos;
				SWIFT_ACTIVE_COMPILATION_CONDITIONS = DEBUG;
				SWIFT_OPTIMIZATION_LEVEL = "-Onone";
			};
			name = Debug;
		};
		748A92D3274CE03300F681C8 /* Release */ = {
			isa = XCBuildConfiguration;
			buildSettings = {
				ALWAYS_SEARCH_USER_PATHS = NO;
				CLANG_ANALYZER_NONNULL = YES;
				CLANG_ANALYZER_NUMBER_OBJECT_CONVERSION = YES_AGGRESSIVE;
				CLANG_CXX_LANGUAGE_STANDARD = "gnu++17";
				CLANG_CXX_LIBRARY = "libc++";
				CLANG_ENABLE_MODULES = YES;
				CLANG_ENABLE_OBJC_ARC = YES;
				CLANG_ENABLE_OBJC_WEAK = YES;
				CLANG_WARN_BLOCK_CAPTURE_AUTORELEASING = YES;
				CLANG_WARN_BOOL_CONVERSION = YES;
				CLANG_WARN_COMMA = YES;
				CLANG_WARN_CONSTANT_CONVERSION = YES;
				CLANG_WARN_DEPRECATED_OBJC_IMPLEMENTATIONS = YES;
				CLANG_WARN_DIRECT_OBJC_ISA_USAGE = YES_ERROR;
				CLANG_WARN_DOCUMENTATION_COMMENTS = YES;
				CLANG_WARN_EMPTY_BODY = YES;
				CLANG_WARN_ENUM_CONVERSION = YES;
				CLANG_WARN_INFINITE_RECURSION = YES;
				CLANG_WARN_INT_CONVERSION = YES;
				CLANG_WARN_NON_LITERAL_NULL_CONVERSION = YES;
				CLANG_WARN_OBJC_IMPLICIT_RETAIN_SELF = YES;
				CLANG_WARN_OBJC_LITERAL_CONVERSION = YES;
				CLANG_WARN_OBJC_ROOT_CLASS = YES_ERROR;
				CLANG_WARN_QUOTED_INCLUDE_IN_FRAMEWORK_HEADER = YES;
				CLANG_WARN_RANGE_LOOP_ANALYSIS = YES;
				CLANG_WARN_STRICT_PROTOTYPES = YES;
				CLANG_WARN_SUSPICIOUS_MOVE = YES;
				CLANG_WARN_UNGUARDED_AVAILABILITY = YES_AGGRESSIVE;
				CLANG_WARN_UNREACHABLE_CODE = YES;
				CLANG_WARN__DUPLICATE_METHOD_MATCH = YES;
				COPY_PHASE_STRIP = NO;
				DEBUG_INFORMATION_FORMAT = "dwarf-with-dsym";
				ENABLE_NS_ASSERTIONS = NO;
				ENABLE_STRICT_OBJC_MSGSEND = YES;
				GCC_C_LANGUAGE_STANDARD = gnu11;
				GCC_NO_COMMON_BLOCKS = YES;
				GCC_WARN_64_TO_32_BIT_CONVERSION = YES;
				GCC_WARN_ABOUT_RETURN_TYPE = YES_ERROR;
				GCC_WARN_UNDECLARED_SELECTOR = YES;
				GCC_WARN_UNINITIALIZED_AUTOS = YES_AGGRESSIVE;
				GCC_WARN_UNUSED_FUNCTION = YES;
				GCC_WARN_UNUSED_VARIABLE = YES;
				IPHONEOS_DEPLOYMENT_TARGET = 15.0;
				MTL_ENABLE_DEBUG_INFO = NO;
				MTL_FAST_MATH = YES;
				SDKROOT = iphoneos;
				SWIFT_COMPILATION_MODE = wholemodule;
				SWIFT_OPTIMIZATION_LEVEL = "-O";
				VALIDATE_PRODUCT = YES;
			};
			name = Release;
		};
		748A92D5274CE03300F681C8 /* Debug */ = {
			isa = XCBuildConfiguration;
			buildSettings = {
				ASSETCATALOG_COMPILER_APPICON_NAME = AppIcon;
				ASSETCATALOG_COMPILER_GLOBAL_ACCENT_COLOR_NAME = AccentColor;
				CODE_SIGN_STYLE = Automatic;
				CURRENT_PROJECT_VERSION = 1;
				DEVELOPMENT_ASSET_PATHS = "\"CryptoData - SwiftUI/Preview Content\"";
				ENABLE_PREVIEWS = YES;
				GENERATE_INFOPLIST_FILE = YES;
				INFOPLIST_KEY_UIApplicationSceneManifest_Generation = YES;
				INFOPLIST_KEY_UIApplicationSupportsIndirectInputEvents = YES;
				INFOPLIST_KEY_UILaunchScreen_Generation = YES;
				INFOPLIST_KEY_UISupportedInterfaceOrientations_iPad = "UIInterfaceOrientationPortrait UIInterfaceOrientationPortraitUpsideDown UIInterfaceOrientationLandscapeLeft UIInterfaceOrientationLandscapeRight";
				INFOPLIST_KEY_UISupportedInterfaceOrientations_iPhone = "UIInterfaceOrientationPortrait UIInterfaceOrientationLandscapeLeft UIInterfaceOrientationLandscapeRight";
				IPHONEOS_DEPLOYMENT_TARGET = 15.0;
				LD_RUNPATH_SEARCH_PATHS = (
					"$(inherited)",
					"@executable_path/Frameworks",
				);
				MARKETING_VERSION = 1.0;
				PRODUCT_BUNDLE_IDENTIFIER = "com.rubtsov.CryptoData---SwiftUI";
				PRODUCT_NAME = "$(TARGET_NAME)";
				SWIFT_EMIT_LOC_STRINGS = YES;
				SWIFT_VERSION = 5.0;
				TARGETED_DEVICE_FAMILY = "1,2";
			};
			name = Debug;
		};
		748A92D6274CE03300F681C8 /* Release */ = {
			isa = XCBuildConfiguration;
			buildSettings = {
				ASSETCATALOG_COMPILER_APPICON_NAME = AppIcon;
				ASSETCATALOG_COMPILER_GLOBAL_ACCENT_COLOR_NAME = AccentColor;
				CODE_SIGN_STYLE = Automatic;
				CURRENT_PROJECT_VERSION = 1;
				DEVELOPMENT_ASSET_PATHS = "\"CryptoData - SwiftUI/Preview Content\"";
				ENABLE_PREVIEWS = YES;
				GENERATE_INFOPLIST_FILE = YES;
				INFOPLIST_KEY_UIApplicationSceneManifest_Generation = YES;
				INFOPLIST_KEY_UIApplicationSupportsIndirectInputEvents = YES;
				INFOPLIST_KEY_UILaunchScreen_Generation = YES;
				INFOPLIST_KEY_UISupportedInterfaceOrientations_iPad = "UIInterfaceOrientationPortrait UIInterfaceOrientationPortraitUpsideDown UIInterfaceOrientationLandscapeLeft UIInterfaceOrientationLandscapeRight";
				INFOPLIST_KEY_UISupportedInterfaceOrientations_iPhone = "UIInterfaceOrientationPortrait UIInterfaceOrientationLandscapeLeft UIInterfaceOrientationLandscapeRight";
				IPHONEOS_DEPLOYMENT_TARGET = 15.0;
				LD_RUNPATH_SEARCH_PATHS = (
					"$(inherited)",
					"@executable_path/Frameworks",
				);
				MARKETING_VERSION = 1.0;
				PRODUCT_BUNDLE_IDENTIFIER = "com.rubtsov.CryptoData---SwiftUI";
				PRODUCT_NAME = "$(TARGET_NAME)";
				SWIFT_EMIT_LOC_STRINGS = YES;
				SWIFT_VERSION = 5.0;
				TARGETED_DEVICE_FAMILY = "1,2";
			};
			name = Release;
		};
/* End XCBuildConfiguration section */

/* Begin XCConfigurationList section */
		748A92C1274CE02700F681C8 /* Build configuration list for PBXProject "CryptoData - SwiftUI" */ = {
			isa = XCConfigurationList;
			buildConfigurations = (
				748A92D2274CE03300F681C8 /* Debug */,
				748A92D3274CE03300F681C8 /* Release */,
			);
			defaultConfigurationIsVisible = 0;
			defaultConfigurationName = Release;
		};
		748A92D4274CE03300F681C8 /* Build configuration list for PBXNativeTarget "CryptoData - SwiftUI" */ = {
			isa = XCConfigurationList;
			buildConfigurations = (
				748A92D5274CE03300F681C8 /* Debug */,
				748A92D6274CE03300F681C8 /* Release */,
			);
			defaultConfigurationIsVisible = 0;
			defaultConfigurationName = Release;
		};
/* End XCConfigurationList section */
	};
	rootObject = 748A92BE274CE02600F681C8 /* Project object */;
}
